Microsoft Visual Studio Solution File, Format Version 12.00
# Visual Studio Version 17
VisualStudioVersion = 17.5.2.0
MinimumVisualStudioVersion = 10.0.40219.1
Project("{FAE04EC0-301F-11D3-BF4B-00C04F79EFBC}") = "RestfulBooker.Tests", "RestfulBooker.Tests.csproj", "{FA74B154-24F2-C2F3-379D-8AA4C09FE406}"
EndProject
Global
	GlobalSection(SolutionConfigurationPlatforms) = preSolution
		Debug|Any CPU = Debug|Any CPU
		Release|Any CPU = Release|Any CPU
	EndGlobalSection
	GlobalSection(ProjectConfigurationPlatforms) = postSolution
		{FA74B154-24F2-C2F3-379D-8AA4C09FE406}.Debug|Any CPU.ActiveCfg = Debug|Any CPU
		{FA74B154-24F2-C2F3-379D-8AA4C09FE406}.Debug|Any CPU.Build.0 = Debug|Any CPU
		{FA74B154-24F2-C2F3-379D-8AA4C09FE406}.Release|Any CPU.ActiveCfg = Release|Any CPU
		{FA74B154-24F2-C2F3-379D-8AA4C09FE406}.Release|Any CPU.Build.0 = Release|Any CPU
	EndGlobalSection
	GlobalSection(SolutionProperties) = preSolution
		HideSolutionNode = FALSE
	EndGlobalSection
	GlobalSection(ExtensibilityGlobals) = postSolution
		SolutionGuid = {64CA80B8-51E6-41F1-8938-CA49F01F1E95}
	EndGlobalSection
EndGlobal
