Microsoft Visual Studio Solution File, Format Version 12.00
# Visual Studio Version 17
VisualStudioVersion = 17.5.2.0
MinimumVisualStudioVersion = 10.0.40219.1
Project("{FAE04EC0-301F-11D3-BF4B-00C04F79EFBC}") = "SauceDemo.Tests", "SauceDemo.Tests.csproj", "{FA63F749-1188-0E01-3A13-1F62ADFB9EFF}"
EndProject
Global
	GlobalSection(SolutionConfigurationPlatforms) = preSolution
		Debug|Any CPU = Debug|Any CPU
		Release|Any CPU = Release|Any CPU
	EndGlobalSection
	GlobalSection(ProjectConfigurationPlatforms) = postSolution
		{FA63F749-1188-0E01-3A13-1F62ADFB9EFF}.Debug|Any CPU.ActiveCfg = Debug|Any CPU
		{FA63F749-1188-0E01-3A13-1F62ADFB9EFF}.Debug|Any CPU.Build.0 = Debug|Any CPU
		{FA63F749-1188-0E01-3A13-1F62ADFB9EFF}.Release|Any CPU.ActiveCfg = Release|Any CPU
		{FA63F749-1188-0E01-3A13-1F62ADFB9EFF}.Release|Any CPU.Build.0 = Release|Any CPU
	EndGlobalSection
	GlobalSection(SolutionProperties) = preSolution
		HideSolutionNode = FALSE
	EndGlobalSection
	GlobalSection(ExtensibilityGlobals) = postSolution
		SolutionGuid = {D5C27DBF-CA9D-4BA9-AF85-43820C2BB090}
	EndGlobalSection
EndGlobal
